// !$*UTF8*$!
{
	archiveVersion = 1;
	classes = {
	};
	objectVersion = 50;
	objects = {

/* Begin PBXBuildFile section */
		115BAA99217D6C67002B76E3 /* opencv2.framework in Frameworks */ = {isa = PBXBuildFile; fileRef = 115BAA98217D6C67002B76E3 /* opencv2.framework */; };
		11BF1342221D312400786071 /* FLAnimatedImage.m in Sources */ = {isa = PBXBuildFile; fileRef = 11BF133C221D312400786071 /* FLAnimatedImage.m */; };
		11BF1343221D312400786071 /* FLAnimatedImageView.m in Sources */ = {isa = PBXBuildFile; fileRef = 11BF133D221D312400786071 /* FLAnimatedImageView.m */; };
		6F0F2AA2219566B8000F257E /* MediaPlayer.framework in Frameworks */ = {isa = PBXBuildFile; fileRef = 6F0F2AA1219566B8000F257E /* MediaPlayer.framework */; };
		6F22D17721758F240012CA58 /* AppDelegate.m in Sources */ = {isa = PBXBuildFile; fileRef = 6F22D17621758F240012CA58 /* AppDelegate.m */; };
		6F22D18221758F250012CA58 /* LaunchScreen.storyboard in Resources */ = {isa = PBXBuildFile; fileRef = 6F22D18021758F250012CA58 /* LaunchScreen.storyboard */; };
		6F22D18521758F250012CA58 /* main.m in Sources */ = {isa = PBXBuildFile; fileRef = 6F22D18421758F250012CA58 /* main.m */; };
		6F22D19E2175C19D0012CA58 /* Accelerate.framework in Frameworks */ = {isa = PBXBuildFile; fileRef = 6F22D19D2175C19D0012CA58 /* Accelerate.framework */; };
		6F22D1A02175C1A60012CA58 /* AssetsLibrary.framework in Frameworks */ = {isa = PBXBuildFile; fileRef = 6F22D19F2175C1A60012CA58 /* AssetsLibrary.framework */; };
		6F22D1A22175C1AE0012CA58 /* AVFoundation.framework in Frameworks */ = {isa = PBXBuildFile; fileRef = 6F22D1A12175C1AE0012CA58 /* AVFoundation.framework */; };
		6F22D1A42175C1B80012CA58 /* CoreGraphics.framework in Frameworks */ = {isa = PBXBuildFile; fileRef = 6F22D1A32175C1B80012CA58 /* CoreGraphics.framework */; };
		6F22D1A62175C1C60012CA58 /* CoreImage.framework in Frameworks */ = {isa = PBXBuildFile; fileRef = 6F22D1A52175C1C60012CA58 /* CoreImage.framework */; };
		6F22D1A82175C1CF0012CA58 /* CoreMedia.framework in Frameworks */ = {isa = PBXBuildFile; fileRef = 6F22D1A72175C1CF0012CA58 /* CoreMedia.framework */; };
		6F22D1AA2175C1D70012CA58 /* CoreVideo.framework in Frameworks */ = {isa = PBXBuildFile; fileRef = 6F22D1A92175C1D70012CA58 /* CoreVideo.framework */; };
		6F22D1AC2175C1DF0012CA58 /* QuartzCore.framework in Frameworks */ = {isa = PBXBuildFile; fileRef = 6F22D1AB2175C1DE0012CA58 /* QuartzCore.framework */; };
		6F22D1AE2175C1E60012CA58 /* UIKit.framework in Frameworks */ = {isa = PBXBuildFile; fileRef = 6F22D1AD2175C1E60012CA58 /* UIKit.framework */; };
		6F22D1B02175C1EF0012CA58 /* Foundation.framework in Frameworks */ = {isa = PBXBuildFile; fileRef = 6F22D1AF2175C1EF0012CA58 /* Foundation.framework */; };
		6F6236A3218AFAD900F2304C /* FilterViewController.mm in Sources */ = {isa = PBXBuildFile; fileRef = 6F62369A218AFAD900F2304C /* FilterViewController.mm */; };
		6F6236A4218AFAD900F2304C /* ImageEditController.mm in Sources */ = {isa = PBXBuildFile; fileRef = 6F62369C218AFAD900F2304C /* ImageEditController.mm */; };
		6F6236A5218AFAD900F2304C /* CameraController.mm in Sources */ = {isa = PBXBuildFile; fileRef = 6F6236A0218AFAD900F2304C /* CameraController.mm */; };
		6F6236A6218AFAD900F2304C /* MenuViewController.xib in Resources */ = {isa = PBXBuildFile; fileRef = 6F6236A1218AFAD900F2304C /* MenuViewController.xib */; };
		6F6236A7218AFAD900F2304C /* MenuViewController.m in Sources */ = {isa = PBXBuildFile; fileRef = 6F6236A2218AFAD900F2304C /* MenuViewController.m */; };
		6F6236B0218AFAE200F2304C /* UIViewController+AlertView.m in Sources */ = {isa = PBXBuildFile; fileRef = 6F6236AB218AFAE200F2304C /* UIViewController+AlertView.m */; };
		6F6236B1218AFAE200F2304C /* KMPickerController.m in Sources */ = {isa = PBXBuildFile; fileRef = 6F6236AC218AFAE200F2304C /* KMPickerController.m */; };
		6F6236B2218AFAE200F2304C /* CVTool.mm in Sources */ = {isa = PBXBuildFile; fileRef = 6F6236AD218AFAE200F2304C /* CVTool.mm */; };
		6F78907521E5A48800680177 /* PraticeController.mm in Sources */ = {isa = PBXBuildFile; fileRef = 6F78907421E5A48800680177 /* PraticeController.mm */; };
		6F8F9B312179CAE800A71113 /* Photos.framework in Frameworks */ = {isa = PBXBuildFile; fileRef = 6F8F9B302179CAE800A71113 /* Photos.framework */; };
		6FC6532C21E5E34F00A4F295 /* opencv_face_detector_uint8.pb in Resources */ = {isa = PBXBuildFile; fileRef = 6FC6532621E5E34F00A4F295 /* opencv_face_detector_uint8.pb */; };
		6FC6532D21E5E34F00A4F295 /* mmod_human_face_detector.dat in Resources */ = {isa = PBXBuildFile; fileRef = 6FC6532721E5E34F00A4F295 /* mmod_human_face_detector.dat */; };
		6FC6532E21E5E34F00A4F295 /* deploy.prototxt in Resources */ = {isa = PBXBuildFile; fileRef = 6FC6532821E5E34F00A4F295 /* deploy.prototxt */; };
		6FC6532F21E5E34F00A4F295 /* res10_300x300_ssd_iter_140000_fp16.caffemodel in Resources */ = {isa = PBXBuildFile; fileRef = 6FC6532921E5E34F00A4F295 /* res10_300x300_ssd_iter_140000_fp16.caffemodel */; };
		6FC6533021E5E34F00A4F295 /* haarcascade_frontalface_default.xml in Resources */ = {isa = PBXBuildFile; fileRef = 6FC6532A21E5E34F00A4F295 /* haarcascade_frontalface_default.xml */; };
		6FC6533121E5E34F00A4F295 /* opencv_face_detector.pbtxt in Resources */ = {isa = PBXBuildFile; fileRef = 6FC6532B21E5E34F00A4F295 /* opencv_face_detector.pbtxt */; };
		6FDA767F217DB76C00638A88 /* Assets.xcassets in Resources */ = {isa = PBXBuildFile; fileRef = 6FDA767E217DB76C00638A88 /* Assets.xcassets */; };
		D3263DF2DFC2F356C8FCC338 /* libPods-ImageProcess.a in Frameworks */ = {isa = PBXBuildFile; fileRef = E775FC56ADDA7A134CA4C2C6 /* libPods-ImageProcess.a */; };
/* End PBXBuildFile section */

/* Begin PBXFileReference section */
		115BAA98217D6C67002B76E3 /* opencv2.framework */ = {isa = PBXFileReference; lastKnownFileType = wrapper.framework; path = opencv2.framework; sourceTree = "<group>"; };
		11BF133C221D312400786071 /* FLAnimatedImage.m */ = {isa = PBXFileReference; fileEncoding = 4; lastKnownFileType = sourcecode.c.objc; path = FLAnimatedImage.m; sourceTree = "<group>"; };
		11BF133D221D312400786071 /* FLAnimatedImageView.m */ = {isa = PBXFileReference; fileEncoding = 4; lastKnownFileType = sourcecode.c.objc; path = FLAnimatedImageView.m; sourceTree = "<group>"; };
		11BF133F221D312400786071 /* FLAnimatedImage.h */ = {isa = PBXFileReference; fileEncoding = 4; lastKnownFileType = sourcecode.c.h; path = FLAnimatedImage.h; sourceTree = "<group>"; };
		11BF1340221D312400786071 /* FLAnimatedImageView.h */ = {isa = PBXFileReference; fileEncoding = 4; lastKnownFileType = sourcecode.c.h; path = FLAnimatedImageView.h; sourceTree = "<group>"; };
		6F0F2AA1219566B8000F257E /* MediaPlayer.framework */ = {isa = PBXFileReference; lastKnownFileType = wrapper.framework; name = MediaPlayer.framework; path = System/Library/Frameworks/MediaPlayer.framework; sourceTree = SDKROOT; };
		6F22D17221758F240012CA58 /* ImageProcess.app */ = {isa = PBXFileReference; explicitFileType = wrapper.application; includeInIndex = 0; path = ImageProcess.app; sourceTree = BUILT_PRODUCTS_DIR; };
		6F22D17521758F240012CA58 /* AppDelegate.h */ = {isa = PBXFileReference; lastKnownFileType = sourcecode.c.h; path = AppDelegate.h; sourceTree = "<group>"; };
		6F22D17621758F240012CA58 /* AppDelegate.m */ = {isa = PBXFileReference; lastKnownFileType = sourcecode.c.objc; path = AppDelegate.m; sourceTree = "<group>"; };
		6F22D18121758F250012CA58 /* Base */ = {isa = PBXFileReference; lastKnownFileType = file.storyboard; name = Base; path = Base.lproj/LaunchScreen.storyboard; sourceTree = "<group>"; };
		6F22D18321758F250012CA58 /* Info.plist */ = {isa = PBXFileReference; lastKnownFileType = text.plist.xml; path = Info.plist; sourceTree = "<group>"; };
		6F22D18421758F250012CA58 /* main.m */ = {isa = PBXFileReference; lastKnownFileType = sourcecode.c.objc; path = main.m; sourceTree = "<group>"; };
		6F22D19D2175C19D0012CA58 /* Accelerate.framework */ = {isa = PBXFileReference; lastKnownFileType = wrapper.framework; name = Accelerate.framework; path = System/Library/Frameworks/Accelerate.framework; sourceTree = SDKROOT; };
		6F22D19F2175C1A60012CA58 /* AssetsLibrary.framework */ = {isa = PBXFileReference; lastKnownFileType = wrapper.framework; name = AssetsLibrary.framework; path = System/Library/Frameworks/AssetsLibrary.framework; sourceTree = SDKROOT; };
		6F22D1A12175C1AE0012CA58 /* AVFoundation.framework */ = {isa = PBXFileReference; lastKnownFileType = wrapper.framework; name = AVFoundation.framework; path = System/Library/Frameworks/AVFoundation.framework; sourceTree = SDKROOT; };
		6F22D1A32175C1B80012CA58 /* CoreGraphics.framework */ = {isa = PBXFileReference; lastKnownFileType = wrapper.framework; name = CoreGraphics.framework; path = System/Library/Frameworks/CoreGraphics.framework; sourceTree = SDKROOT; };
		6F22D1A52175C1C60012CA58 /* CoreImage.framework */ = {isa = PBXFileReference; lastKnownFileType = wrapper.framework; name = CoreImage.framework; path = System/Library/Frameworks/CoreImage.framework; sourceTree = SDKROOT; };
		6F22D1A72175C1CF0012CA58 /* CoreMedia.framework */ = {isa = PBXFileReference; lastKnownFileType = wrapper.framework; name = CoreMedia.framework; path = System/Library/Frameworks/CoreMedia.framework; sourceTree = SDKROOT; };
		6F22D1A92175C1D70012CA58 /* CoreVideo.framework */ = {isa = PBXFileReference; lastKnownFileType = wrapper.framework; name = CoreVideo.framework; path = System/Library/Frameworks/CoreVideo.framework; sourceTree = SDKROOT; };
		6F22D1AB2175C1DE0012CA58 /* QuartzCore.framework */ = {isa = PBXFileReference; lastKnownFileType = wrapper.framework; name = QuartzCore.framework; path = System/Library/Frameworks/QuartzCore.framework; sourceTree = SDKROOT; };
		6F22D1AD2175C1E60012CA58 /* UIKit.framework */ = {isa = PBXFileReference; lastKnownFileType = wrapper.framework; name = UIKit.framework; path = System/Library/Frameworks/UIKit.framework; sourceTree = SDKROOT; };
		6F22D1AF2175C1EF0012CA58 /* Foundation.framework */ = {isa = PBXFileReference; lastKnownFileType = wrapper.framework; name = Foundation.framework; path = System/Library/Frameworks/Foundation.framework; sourceTree = SDKROOT; };
		6F2657432179C77C004B18D0 /* ImageProcess_prefix.pch */ = {isa = PBXFileReference; lastKnownFileType = sourcecode.c.h; path = ImageProcess_prefix.pch; sourceTree = "<group>"; };
		6F62369A218AFAD900F2304C /* FilterViewController.mm */ = {isa = PBXFileReference; fileEncoding = 4; lastKnownFileType = sourcecode.cpp.objcpp; path = FilterViewController.mm; sourceTree = "<group>"; };
		6F62369B218AFAD900F2304C /* CameraController.h */ = {isa = PBXFileReference; fileEncoding = 4; lastKnownFileType = sourcecode.c.h; path = CameraController.h; sourceTree = "<group>"; };
		6F62369C218AFAD900F2304C /* ImageEditController.mm */ = {isa = PBXFileReference; fileEncoding = 4; lastKnownFileType = sourcecode.cpp.objcpp; path = ImageEditController.mm; sourceTree = "<group>"; };
		6F62369D218AFAD900F2304C /* ImageEditController.h */ = {isa = PBXFileReference; fileEncoding = 4; lastKnownFileType = sourcecode.c.h; path = ImageEditController.h; sourceTree = "<group>"; };
		6F62369E218AFAD900F2304C /* FilterViewController.h */ = {isa = PBXFileReference; fileEncoding = 4; lastKnownFileType = sourcecode.c.h; path = FilterViewController.h; sourceTree = "<group>"; };
		6F62369F218AFAD900F2304C /* MenuViewController.h */ = {isa = PBXFileReference; fileEncoding = 4; lastKnownFileType = sourcecode.c.h; path = MenuViewController.h; sourceTree = "<group>"; };
		6F6236A0218AFAD900F2304C /* CameraController.mm */ = {isa = PBXFileReference; fileEncoding = 4; lastKnownFileType = sourcecode.cpp.objcpp; path = CameraController.mm; sourceTree = "<group>"; };
		6F6236A1218AFAD900F2304C /* MenuViewController.xib */ = {isa = PBXFileReference; fileEncoding = 4; lastKnownFileType = file.xib; path = MenuViewController.xib; sourceTree = "<group>"; };
		6F6236A2218AFAD900F2304C /* MenuViewController.m */ = {isa = PBXFileReference; fileEncoding = 4; lastKnownFileType = sourcecode.c.objc; path = MenuViewController.m; sourceTree = "<group>"; };
		6F6236AA218AFAE200F2304C /* UIViewController+AlertView.h */ = {isa = PBXFileReference; fileEncoding = 4; lastKnownFileType = sourcecode.c.h; path = "UIViewController+AlertView.h"; sourceTree = "<group>"; };
		6F6236AB218AFAE200F2304C /* UIViewController+AlertView.m */ = {isa = PBXFileReference; fileEncoding = 4; lastKnownFileType = sourcecode.c.objc; path = "UIViewController+AlertView.m"; sourceTree = "<group>"; };
		6F6236AC218AFAE200F2304C /* KMPickerController.m */ = {isa = PBXFileReference; fileEncoding = 4; lastKnownFileType = sourcecode.c.objc; path = KMPickerController.m; sourceTree = "<group>"; };
		6F6236AD218AFAE200F2304C /* CVTool.mm */ = {isa = PBXFileReference; fileEncoding = 4; lastKnownFileType = sourcecode.cpp.objcpp; path = CVTool.mm; sourceTree = "<group>"; };
		6F6236AE218AFAE200F2304C /* CVTool.hh */ = {isa = PBXFileReference; fileEncoding = 4; lastKnownFileType = sourcecode.cpp.h; path = CVTool.hh; sourceTree = "<group>"; };
		6F6236AF218AFAE200F2304C /* KMPickerController.h */ = {isa = PBXFileReference; fileEncoding = 4; lastKnownFileType = sourcecode.c.h; path = KMPickerController.h; sourceTree = "<group>"; };
		6F78907321E5A48800680177 /* PraticeController.h */ = {isa = PBXFileReference; lastKnownFileType = sourcecode.c.h; path = PraticeController.h; sourceTree = "<group>"; };
		6F78907421E5A48800680177 /* PraticeController.mm */ = {isa = PBXFileReference; lastKnownFileType = sourcecode.cpp.objcpp; path = PraticeController.mm; sourceTree = "<group>"; };
		6F8F9B302179CAE800A71113 /* Photos.framework */ = {isa = PBXFileReference; lastKnownFileType = wrapper.framework; name = Photos.framework; path = System/Library/Frameworks/Photos.framework; sourceTree = SDKROOT; };
		6FC6532621E5E34F00A4F295 /* opencv_face_detector_uint8.pb */ = {isa = PBXFileReference; lastKnownFileType = file; path = opencv_face_detector_uint8.pb; sourceTree = "<group>"; };
		6FC6532721E5E34F00A4F295 /* mmod_human_face_detector.dat */ = {isa = PBXFileReference; lastKnownFileType = file; path = mmod_human_face_detector.dat; sourceTree = "<group>"; };
		6FC6532821E5E34F00A4F295 /* deploy.prototxt */ = {isa = PBXFileReference; fileEncoding = 4; lastKnownFileType = text; path = deploy.prototxt; sourceTree = "<group>"; };
		6FC6532921E5E34F00A4F295 /* res10_300x300_ssd_iter_140000_fp16.caffemodel */ = {isa = PBXFileReference; lastKnownFileType = file; path = res10_300x300_ssd_iter_140000_fp16.caffemodel; sourceTree = "<group>"; };
		6FC6532A21E5E34F00A4F295 /* haarcascade_frontalface_default.xml */ = {isa = PBXFileReference; fileEncoding = 4; lastKnownFileType = text.xml; path = haarcascade_frontalface_default.xml; sourceTree = "<group>"; };
		6FC6532B21E5E34F00A4F295 /* opencv_face_detector.pbtxt */ = {isa = PBXFileReference; fileEncoding = 4; lastKnownFileType = text; path = opencv_face_detector.pbtxt; sourceTree = "<group>"; };
		6FDA767E217DB76C00638A88 /* Assets.xcassets */ = {isa = PBXFileReference; lastKnownFileType = folder.assetcatalog; path = Assets.xcassets; sourceTree = "<group>"; };
		868F8578461A805C93ED14C7 /* Pods-ImageProcess.release.xcconfig */ = {isa = PBXFileReference; includeInIndex = 1; lastKnownFileType = text.xcconfig; name = "Pods-ImageProcess.release.xcconfig"; path = "Pods/Target Support Files/Pods-ImageProcess/Pods-ImageProcess.release.xcconfig"; sourceTree = "<group>"; };
		A861B17C52DE0A29C89872B1 /* Pods-ImageProcess.debug.xcconfig */ = {isa = PBXFileReference; includeInIndex = 1; lastKnownFileType = text.xcconfig; name = "Pods-ImageProcess.debug.xcconfig"; path = "Pods/Target Support Files/Pods-ImageProcess/Pods-ImageProcess.debug.xcconfig"; sourceTree = "<group>"; };
		E775FC56ADDA7A134CA4C2C6 /* libPods-ImageProcess.a */ = {isa = PBXFileReference; explicitFileType = archive.ar; includeInIndex = 0; path = "libPods-ImageProcess.a"; sourceTree = BUILT_PRODUCTS_DIR; };
/* End PBXFileReference section */

/* Begin PBXFrameworksBuildPhase section */
		6F22D16F21758F240012CA58 /* Frameworks */ = {
			isa = PBXFrameworksBuildPhase;
			buildActionMask = 2147483647;
			files = (
				6F0F2AA2219566B8000F257E /* MediaPlayer.framework in Frameworks */,
				6F8F9B312179CAE800A71113 /* Photos.framework in Frameworks */,
				6F22D1B02175C1EF0012CA58 /* Foundation.framework in Frameworks */,
				6F22D1AE2175C1E60012CA58 /* UIKit.framework in Frameworks */,
				6F22D1AC2175C1DF0012CA58 /* QuartzCore.framework in Frameworks */,
				6F22D1AA2175C1D70012CA58 /* CoreVideo.framework in Frameworks */,
				115BAA99217D6C67002B76E3 /* opencv2.framework in Frameworks */,
				6F22D1A82175C1CF0012CA58 /* CoreMedia.framework in Frameworks */,
				6F22D1A62175C1C60012CA58 /* CoreImage.framework in Frameworks */,
				6F22D1A42175C1B80012CA58 /* CoreGraphics.framework in Frameworks */,
				6F22D1A22175C1AE0012CA58 /* AVFoundation.framework in Frameworks */,
				6F22D1A02175C1A60012CA58 /* AssetsLibrary.framework in Frameworks */,
				6F22D19E2175C19D0012CA58 /* Accelerate.framework in Frameworks */,
				D3263DF2DFC2F356C8FCC338 /* libPods-ImageProcess.a in Frameworks */,
			);
			runOnlyForDeploymentPostprocessing = 0;
		};
/* End PBXFrameworksBuildPhase section */

/* Begin PBXGroup section */
		11BF133A221D312400786071 /* FLAnimatedImage */ = {
			isa = PBXGroup;
			children = (
				11BF133C221D312400786071 /* FLAnimatedImage.m */,
				11BF133D221D312400786071 /* FLAnimatedImageView.m */,
				11BF133F221D312400786071 /* FLAnimatedImage.h */,
				11BF1340221D312400786071 /* FLAnimatedImageView.h */,
			);
			path = FLAnimatedImage;
			sourceTree = "<group>";
		};
		6F22D16921758F240012CA58 = {
			isa = PBXGroup;
			children = (
				6F22D17421758F240012CA58 /* ImageProcess */,
				6F22D17321758F240012CA58 /* Products */,
				6F22D18F2175905B0012CA58 /* Frameworks */,
				9694649872A40ADE48A4FE01 /* Pods */,
			);
			sourceTree = "<group>";
		};
		6F22D17321758F240012CA58 /* Products */ = {
			isa = PBXGroup;
			children = (
				6F22D17221758F240012CA58 /* ImageProcess.app */,
			);
			name = Products;
			sourceTree = "<group>";
		};
		6F22D17421758F240012CA58 /* ImageProcess */ = {
			isa = PBXGroup;
			children = (
				6F78907021E5A3C100680177 /* Resource */,
				6F22D17521758F240012CA58 /* AppDelegate.h */,
				6F22D17621758F240012CA58 /* AppDelegate.m */,
				6F623699218AFAD900F2304C /* Classes */,
				6F6236A8218AFAE200F2304C /* tool */,
				6F62367B218AF63D00F2304C /* Supportfiles */,
			);
			path = ImageProcess;
			sourceTree = "<group>";
		};
		6F22D18F2175905B0012CA58 /* Frameworks */ = {
			isa = PBXGroup;
			children = (
				6F0F2AA1219566B8000F257E /* MediaPlayer.framework */,
				115BAA98217D6C67002B76E3 /* opencv2.framework */,
				6F8F9B302179CAE800A71113 /* Photos.framework */,
				6F22D1AF2175C1EF0012CA58 /* Foundation.framework */,
				6F22D1AD2175C1E60012CA58 /* UIKit.framework */,
				6F22D1AB2175C1DE0012CA58 /* QuartzCore.framework */,
				6F22D1A92175C1D70012CA58 /* CoreVideo.framework */,
				6F22D1A72175C1CF0012CA58 /* CoreMedia.framework */,
				6F22D1A52175C1C60012CA58 /* CoreImage.framework */,
				6F22D1A32175C1B80012CA58 /* CoreGraphics.framework */,
				6F22D1A12175C1AE0012CA58 /* AVFoundation.framework */,
				6F22D19F2175C1A60012CA58 /* AssetsLibrary.framework */,
				6F22D19D2175C19D0012CA58 /* Accelerate.framework */,
				E775FC56ADDA7A134CA4C2C6 /* libPods-ImageProcess.a */,
			);
			name = Frameworks;
			sourceTree = "<group>";
		};
		6F62367B218AF63D00F2304C /* Supportfiles */ = {
			isa = PBXGroup;
			children = (
				6FDA767E217DB76C00638A88 /* Assets.xcassets */,
				6F2657432179C77C004B18D0 /* ImageProcess_prefix.pch */,
				6F22D18421758F250012CA58 /* main.m */,
				6F22D18321758F250012CA58 /* Info.plist */,
				6F22D18021758F250012CA58 /* LaunchScreen.storyboard */,
			);
			name = Supportfiles;
			sourceTree = "<group>";
		};
		6F623699218AFAD900F2304C /* Classes */ = {
			isa = PBXGroup;
			children = (
				6F62369B218AFAD900F2304C /* CameraController.h */,
				6F6236A0218AFAD900F2304C /* CameraController.mm */,
				6F62369D218AFAD900F2304C /* ImageEditController.h */,
				6F62369C218AFAD900F2304C /* ImageEditController.mm */,
				6F62369F218AFAD900F2304C /* MenuViewController.h */,
				6F6236A2218AFAD900F2304C /* MenuViewController.m */,
				6F6236A1218AFAD900F2304C /* MenuViewController.xib */,
				6F62369E218AFAD900F2304C /* FilterViewController.h */,
				6F62369A218AFAD900F2304C /* FilterViewController.mm */,
				6F78907321E5A48800680177 /* PraticeController.h */,
				6F78907421E5A48800680177 /* PraticeController.mm */,
			);
			path = Classes;
			sourceTree = "<group>";
		};
		6F6236A8218AFAE200F2304C /* tool */ = {
			isa = PBXGroup;
			children = (
				11BF133A221D312400786071 /* FLAnimatedImage */,
				6F6236A9218AFAE200F2304C /* category */,
				6F6236AE218AFAE200F2304C /* CVTool.hh */,
				6F6236AD218AFAE200F2304C /* CVTool.mm */,
				6F6236AF218AFAE200F2304C /* KMPickerController.h */,
				6F6236AC218AFAE200F2304C /* KMPickerController.m */,
			);
			path = tool;
			sourceTree = "<group>";
		};
		6F6236A9218AFAE200F2304C /* category */ = {
			isa = PBXGroup;
			children = (
				6F6236AA218AFAE200F2304C /* UIViewController+AlertView.h */,
				6F6236AB218AFAE200F2304C /* UIViewController+AlertView.m */,
			);
			path = category;
			sourceTree = "<group>";
		};
		6F78907021E5A3C100680177 /* Resource */ = {
			isa = PBXGroup;
			children = (
				6FC6532521E5E34F00A4F295 /* models */,
			);
			path = Resource;
			sourceTree = "<group>";
		};
		6FC6532521E5E34F00A4F295 /* models */ = {
			isa = PBXGroup;
			children = (
				6FC6532621E5E34F00A4F295 /* opencv_face_detector_uint8.pb */,
				6FC6532721E5E34F00A4F295 /* mmod_human_face_detector.dat */,
				6FC6532821E5E34F00A4F295 /* deploy.prototxt */,
				6FC6532921E5E34F00A4F295 /* res10_300x300_ssd_iter_140000_fp16.caffemodel */,
				6FC6532A21E5E34F00A4F295 /* haarcascade_frontalface_default.xml */,
				6FC6532B21E5E34F00A4F295 /* opencv_face_detector.pbtxt */,
			);
			path = models;
			sourceTree = "<group>";
		};
		9694649872A40ADE48A4FE01 /* Pods */ = {
			isa = PBXGroup;
			children = (
				A861B17C52DE0A29C89872B1 /* Pods-ImageProcess.debug.xcconfig */,
				868F8578461A805C93ED14C7 /* Pods-ImageProcess.release.xcconfig */,
			);
			name = Pods;
			sourceTree = "<group>";
		};
/* End PBXGroup section */

/* Begin PBXNativeTarget section */
		6F22D17121758F240012CA58 /* ImageProcess */ = {
			isa = PBXNativeTarget;
			buildConfigurationList = 6F22D18821758F250012CA58 /* Build configuration list for PBXNativeTarget "ImageProcess" */;
			buildPhases = (
				3F66CA5EAE51C31F0270912E /* [CP] Check Pods Manifest.lock */,
				6F22D16E21758F240012CA58 /* Sources */,
				6F22D16F21758F240012CA58 /* Frameworks */,
				6F22D17021758F240012CA58 /* Resources */,
			);
			buildRules = (
			);
			dependencies = (
			);
			name = ImageProcess;
			productName = ImageProcess;
			productReference = 6F22D17221758F240012CA58 /* ImageProcess.app */;
			productType = "com.apple.product-type.application";
		};
/* End PBXNativeTarget section */

/* Begin PBXProject section */
		6F22D16A21758F240012CA58 /* Project object */ = {
			isa = PBXProject;
			attributes = {
				LastUpgradeCheck = 1000;
				ORGANIZATIONNAME = Young;
				TargetAttributes = {
					6F22D17121758F240012CA58 = {
						CreatedOnToolsVersion = 10.0;
						LastSwiftMigration = 1000;
					};
				};
			};
			buildConfigurationList = 6F22D16D21758F240012CA58 /* Build configuration list for PBXProject "ImageProcess" */;
			compatibilityVersion = "Xcode 9.3";
			developmentRegion = en;
			hasScannedForEncodings = 0;
			knownRegions = (
				en,
				Base,
			);
			mainGroup = 6F22D16921758F240012CA58;
			productRefGroup = 6F22D17321758F240012CA58 /* Products */;
			projectDirPath = "";
			projectRoot = "";
			targets = (
				6F22D17121758F240012CA58 /* ImageProcess */,
			);
		};
/* End PBXProject section */

/* Begin PBXResourcesBuildPhase section */
		6F22D17021758F240012CA58 /* Resources */ = {
			isa = PBXResourcesBuildPhase;
			buildActionMask = 2147483647;
			files = (
				6FDA767F217DB76C00638A88 /* Assets.xcassets in Resources */,
				6F6236A6218AFAD900F2304C /* MenuViewController.xib in Resources */,
				6FC6533021E5E34F00A4F295 /* haarcascade_frontalface_default.xml in Resources */,
				6FC6532E21E5E34F00A4F295 /* deploy.prototxt in Resources */,
				6FC6532C21E5E34F00A4F295 /* opencv_face_detector_uint8.pb in Resources */,
				6F22D18221758F250012CA58 /* LaunchScreen.storyboard in Resources */,
				6FC6532D21E5E34F00A4F295 /* mmod_human_face_detector.dat in Resources */,
				6FC6532F21E5E34F00A4F295 /* res10_300x300_ssd_iter_140000_fp16.caffemodel in Resources */,
				6FC6533121E5E34F00A4F295 /* opencv_face_detector.pbtxt in Resources */,
			);
			runOnlyForDeploymentPostprocessing = 0;
		};
/* End PBXResourcesBuildPhase section */

/* Begin PBXShellScriptBuildPhase section */
		3F66CA5EAE51C31F0270912E /* [CP] Check Pods Manifest.lock */ = {
			isa = PBXShellScriptBuildPhase;
			buildActionMask = 2147483647;
			files = (
			);
			inputFileListPaths = (
			);
			inputPaths = (
				"${PODS_PODFILE_DIR_PATH}/Podfile.lock",
				"${PODS_ROOT}/Manifest.lock",
			);
			name = "[CP] Check Pods Manifest.lock";
			outputFileListPaths = (
			);
			outputPaths = (
				"$(DERIVED_FILE_DIR)/Pods-ImageProcess-checkManifestLockResult.txt",
			);
			runOnlyForDeploymentPostprocessing = 0;
			shellPath = /bin/sh;
			shellScript = "diff \"${PODS_PODFILE_DIR_PATH}/Podfile.lock\" \"${PODS_ROOT}/Manifest.lock\" > /dev/null\nif [ $? != 0 ] ; then\n    # print error to STDERR\n    echo \"error: The sandbox is not in sync with the Podfile.lock. Run 'pod install' or update your CocoaPods installation.\" >&2\n    exit 1\nfi\n# This output is used by Xcode 'outputs' to avoid re-running this script phase.\necho \"SUCCESS\" > \"${SCRIPT_OUTPUT_FILE_0}\"\n";
			showEnvVarsInLog = 0;
		};
/* End PBXShellScriptBuildPhase section */

/* Begin PBXSourcesBuildPhase section */
		6F22D16E21758F240012CA58 /* Sources */ = {
			isa = PBXSourcesBuildPhase;
			buildActionMask = 2147483647;
			files = (
				6F22D18521758F250012CA58 /* main.m in Sources */,
				6F6236B1218AFAE200F2304C /* KMPickerController.m in Sources */,
				6F6236A7218AFAD900F2304C /* MenuViewController.m in Sources */,
				6F6236A5218AFAD900F2304C /* CameraController.mm in Sources */,
				6F78907521E5A48800680177 /* PraticeController.mm in Sources */,
				6F6236A3218AFAD900F2304C /* FilterViewController.mm in Sources */,
				6F6236B2218AFAE200F2304C /* CVTool.mm in Sources */,
				11BF1342221D312400786071 /* FLAnimatedImage.m in Sources */,
				6F22D17721758F240012CA58 /* AppDelegate.m in Sources */,
				6F6236A4218AFAD900F2304C /* ImageEditController.mm in Sources */,
				11BF1343221D312400786071 /* FLAnimatedImageView.m in Sources */,
				6F6236B0218AFAE200F2304C /* UIViewController+AlertView.m in Sources */,
			);
			runOnlyForDeploymentPostprocessing = 0;
		};
/* End PBXSourcesBuildPhase section */

/* Begin PBXVariantGroup section */
		6F22D18021758F250012CA58 /* LaunchScreen.storyboard */ = {
			isa = PBXVariantGroup;
			children = (
				6F22D18121758F250012CA58 /* Base */,
			);
			name = LaunchScreen.storyboard;
			sourceTree = "<group>";
		};
/* End PBXVariantGroup section */

/* Begin XCBuildConfiguration section */
		6F22D18621758F250012CA58 /* Debug */ = {
			isa = XCBuildConfiguration;
			buildSettings = {
				ALWAYS_SEARCH_USER_PATHS = NO;
				CLANG_ANALYZER_NONNULL = YES;
				CLANG_ANALYZER_NUMBER_OBJECT_CONVERSION = YES_AGGRESSIVE;
				CLANG_CXX_LANGUAGE_STANDARD = "gnu++14";
				CLANG_CXX_LIBRARY = "libc++";
				CLANG_ENABLE_MODULES = YES;
				CLANG_ENABLE_OBJC_ARC = YES;
				CLANG_ENABLE_OBJC_WEAK = YES;
				CLANG_WARN_BLOCK_CAPTURE_AUTORELEASING = YES;
				CLANG_WARN_BOOL_CONVERSION = YES;
				CLANG_WARN_COMMA = YES;
				CLANG_WARN_CONSTANT_CONVERSION = YES;
				CLANG_WARN_DEPRECATED_OBJC_IMPLEMENTATIONS = YES;
				CLANG_WARN_DIRECT_OBJC_ISA_USAGE = YES_ERROR;
				CLANG_WARN_DOCUMENTATION_COMMENTS = YES;
				CLANG_WARN_EMPTY_BODY = YES;
				CLANG_WARN_ENUM_CONVERSION = YES;
				CLANG_WARN_INFINITE_RECURSION = YES;
				CLANG_WARN_INT_CONVERSION = YES;
				CLANG_WARN_NON_LITERAL_NULL_CONVERSION = YES;
				CLANG_WARN_OBJC_IMPLICIT_RETAIN_SELF = YES;
				CLANG_WARN_OBJC_LITERAL_CONVERSION = YES;
				CLANG_WARN_OBJC_ROOT_CLASS = YES_ERROR;
				CLANG_WARN_RANGE_LOOP_ANALYSIS = YES;
				CLANG_WARN_STRICT_PROTOTYPES = YES;
				CLANG_WARN_SUSPICIOUS_MOVE = YES;
				CLANG_WARN_UNGUARDED_AVAILABILITY = YES_AGGRESSIVE;
				CLANG_WARN_UNREACHABLE_CODE = YES;
				CLANG_WARN__DUPLICATE_METHOD_MATCH = YES;
				CODE_SIGN_IDENTITY = "iPhone Developer";
				COPY_PHASE_STRIP = NO;
				DEBUG_INFORMATION_FORMAT = dwarf;
				ENABLE_STRICT_OBJC_MSGSEND = YES;
				ENABLE_TESTABILITY = YES;
				GCC_C_LANGUAGE_STANDARD = gnu11;
				GCC_DYNAMIC_NO_PIC = NO;
				GCC_NO_COMMON_BLOCKS = YES;
				GCC_OPTIMIZATION_LEVEL = 0;
				GCC_PREPROCESSOR_DEFINITIONS = (
					"DEBUG=1",
					"$(inherited)",
				);
				GCC_WARN_64_TO_32_BIT_CONVERSION = YES;
				GCC_WARN_ABOUT_RETURN_TYPE = YES_ERROR;
				GCC_WARN_UNDECLARED_SELECTOR = YES;
				GCC_WARN_UNINITIALIZED_AUTOS = YES_AGGRESSIVE;
				GCC_WARN_UNUSED_FUNCTION = YES;
				GCC_WARN_UNUSED_VARIABLE = YES;
				IPHONEOS_DEPLOYMENT_TARGET = 12.0;
				MTL_ENABLE_DEBUG_INFO = INCLUDE_SOURCE;
				MTL_FAST_MATH = YES;
				ONLY_ACTIVE_ARCH = YES;
				SDKROOT = iphoneos;
			};
			name = Debug;
		};
		6F22D18721758F250012CA58 /* Release */ = {
			isa = XCBuildConfiguration;
			buildSettings = {
				ALWAYS_SEARCH_USER_PATHS = NO;
				CLANG_ANALYZER_NONNULL = YES;
				CLANG_ANALYZER_NUMBER_OBJECT_CONVERSION = YES_AGGRESSIVE;
				CLANG_CXX_LANGUAGE_STANDARD = "gnu++14";
				CLANG_CXX_LIBRARY = "libc++";
				CLANG_ENABLE_MODULES = YES;
				CLANG_ENABLE_OBJC_ARC = YES;
				CLANG_ENABLE_OBJC_WEAK = YES;
				CLANG_WARN_BLOCK_CAPTURE_AUTORELEASING = YES;
				CLANG_WARN_BOOL_CONVERSION = YES;
				CLANG_WARN_COMMA = YES;
				CLANG_WARN_CONSTANT_CONVERSION = YES;
				CLANG_WARN_DEPRECATED_OBJC_IMPLEMENTATIONS = YES;
				CLANG_WARN_DIRECT_OBJC_ISA_USAGE = YES_ERROR;
				CLANG_WARN_DOCUMENTATION_COMMENTS = YES;
				CLANG_WARN_EMPTY_BODY = YES;
				CLANG_WARN_ENUM_CONVERSION = YES;
				CLANG_WARN_INFINITE_RECURSION = YES;
				CLANG_WARN_INT_CONVERSION = YES;
				CLANG_WARN_NON_LITERAL_NULL_CONVERSION = YES;
				CLANG_WARN_OBJC_IMPLICIT_RETAIN_SELF = YES;
				CLANG_WARN_OBJC_LITERAL_CONVERSION = YES;
				CLANG_WARN_OBJC_ROOT_CLASS = YES_ERROR;
				CLANG_WARN_RANGE_LOOP_ANALYSIS = YES;
				CLANG_WARN_STRICT_PROTOTYPES = YES;
				CLANG_WARN_SUSPICIOUS_MOVE = YES;
				CLANG_WARN_UNGUARDED_AVAILABILITY = YES_AGGRESSIVE;
				CLANG_WARN_UNREACHABLE_CODE = YES;
				CLANG_WARN__DUPLICATE_METHOD_MATCH = YES;
				CODE_SIGN_IDENTITY = "iPhone Developer";
				COPY_PHASE_STRIP = NO;
				DEBUG_INFORMATION_FORMAT = "dwarf-with-dsym";
				ENABLE_NS_ASSERTIONS = NO;
				ENABLE_STRICT_OBJC_MSGSEND = YES;
				GCC_C_LANGUAGE_STANDARD = gnu11;
				GCC_NO_COMMON_BLOCKS = YES;
				GCC_WARN_64_TO_32_BIT_CONVERSION = YES;
				GCC_WARN_ABOUT_RETURN_TYPE = YES_ERROR;
				GCC_WARN_UNDECLARED_SELECTOR = YES;
				GCC_WARN_UNINITIALIZED_AUTOS = YES_AGGRESSIVE;
				GCC_WARN_UNUSED_FUNCTION = YES;
				GCC_WARN_UNUSED_VARIABLE = YES;
				IPHONEOS_DEPLOYMENT_TARGET = 12.0;
				MTL_ENABLE_DEBUG_INFO = NO;
				MTL_FAST_MATH = YES;
				SDKROOT = iphoneos;
				VALIDATE_PRODUCT = YES;
			};
			name = Release;
		};
		6F22D18921758F250012CA58 /* Debug */ = {
			isa = XCBuildConfiguration;
			baseConfigurationReference = A861B17C52DE0A29C89872B1 /* Pods-ImageProcess.debug.xcconfig */;
			buildSettings = {
				ASSETCATALOG_COMPILER_APPICON_NAME = AppIcon;
				CLANG_ENABLE_MODULES = YES;
				CODE_SIGN_STYLE = Automatic;
				DEVELOPMENT_TEAM = XYBK7B7U6R;
				FRAMEWORK_SEARCH_PATHS = (
					"$(inherited)",
					"$(PROJECT_DIR)/Framework",
					"$(PROJECT_DIR)",
				);
				GCC_PREFIX_HEADER = "$(SRCROOT)/ImageProcess/ImageProcess_prefix.pch";
				INFOPLIST_FILE = ImageProcess/Info.plist;
				IPHONEOS_DEPLOYMENT_TARGET = 10.0;
				LD_RUNPATH_SEARCH_PATHS = (
					"$(inherited)",
					"@executable_path/Frameworks",
				);
				PRODUCT_BUNDLE_IDENTIFIER = AprilYoung.ImageProcess;
				PRODUCT_NAME = "$(TARGET_NAME)";
				SWIFT_OBJC_BRIDGING_HEADER = "ImageProcess/ImageProcess-Bridging-Header.h";
				SWIFT_OPTIMIZATION_LEVEL = "-Onone";
				SWIFT_VERSION = 4.2;
				TARGETED_DEVICE_FAMILY = "1,2";
			};
			name = Debug;
		};
		6F22D18A21758F250012CA58 /* Release */ = {
			isa = XCBuildConfiguration;
			baseConfigurationReference = 868F8578461A805C93ED14C7 /* Pods-ImageProcess.release.xcconfig */;
			buildSettings = {
				ASSETCATALOG_COMPILER_APPICON_NAME = AppIcon;
				CLANG_ENABLE_MODULES = YES;
				CODE_SIGN_STYLE = Automatic;
				DEVELOPMENT_TEAM = XYBK7B7U6R;
				FRAMEWORK_SEARCH_PATHS = (
					"$(inherited)",
					"$(PROJECT_DIR)/Framework",
					"$(PROJECT_DIR)",
				);
				GCC_PREFIX_HEADER = "$(SRCROOT)/ImageProcess/ImageProcess_prefix.pch";
				INFOPLIST_FILE = ImageProcess/Info.plist;
				IPHONEOS_DEPLOYMENT_TARGET = 10.0;
				LD_RUNPATH_SEARCH_PATHS = (
					"$(inherited)",
					"@executable_path/Frameworks",
				);
				PRODUCT_BUNDLE_IDENTIFIER = AprilYoung.ImageProcess;
				PRODUCT_NAME = "$(TARGET_NAME)";
				SWIFT_OBJC_BRIDGING_HEADER = "ImageProcess/ImageProcess-Bridging-Header.h";
				SWIFT_VERSION = 4.2;
				TARGETED_DEVICE_FAMILY = "1,2";
			};
			name = Release;
		};
/* End XCBuildConfiguration section */

/* Begin XCConfigurationList section */
		6F22D16D21758F240012CA58 /* Build configuration list for PBXProject "ImageProcess" */ = {
			isa = XCConfigurationList;
			buildConfigurations = (
				6F22D18621758F250012CA58 /* Debug */,
				6F22D18721758F250012CA58 /* Release */,
			);
			defaultConfigurationIsVisible = 0;
			defaultConfigurationName = Release;
		};
		6F22D18821758F250012CA58 /* Build configuration list for PBXNativeTarget "ImageProcess" */ = {
			isa = XCConfigurationList;
			buildConfigurations = (
				6F22D18921758F250012CA58 /* Debug */,
				6F22D18A21758F250012CA58 /* Release */,
			);
			defaultConfigurationIsVisible = 0;
			defaultConfigurationName = Release;
		};
/* End XCConfigurationList section */
	};
	rootObject = 6F22D16A21758F240012CA58 /* Project object */;
}
